// !$*UTF8*$!
{
	archiveVersion = 1;
	classes = {
	};
	objectVersion = 50;
	objects = {

/* Begin PBXBuildFile section */
		0C3A3447264403E600515ACB /* LandmarksApp.swift in Sources */ = {isa = PBXBuildFile; fileRef = 0C3A3446264403E600515ACB /* LandmarksApp.swift */; };
		0C3A3449264403E600515ACB /* ContentView.swift in Sources */ = {isa = PBXBuildFile; fileRef = 0C3A3448264403E600515ACB /* ContentView.swift */; };
		0C3A344B264403E900515ACB /* Assets.xcassets in Resources */ = {isa = PBXBuildFile; fileRef = 0C3A344A264403E900515ACB /* Assets.xcassets */; };
		0C3A344E264403E900515ACB /* Preview Assets.xcassets in Resources */ = {isa = PBXBuildFile; fileRef = 0C3A344D264403E900515ACB /* Preview Assets.xcassets */; };
		0C3A34562644085600515ACB /* CircleImage.swift in Sources */ = {isa = PBXBuildFile; fileRef = 0C3A34552644085600515ACB /* CircleImage.swift */; };
		0C3A3458264409B400515ACB /* MapView.swift in Sources */ = {isa = PBXBuildFile; fileRef = 0C3A3457264409B400515ACB /* MapView.swift */; };
		0C3A345A26440F9A00515ACB /* landmarkData.json in Resources */ = {isa = PBXBuildFile; fileRef = 0C3A345926440F9A00515ACB /* landmarkData.json */; };
		0C3A345C26440FC300515ACB /* Landmark.swift in Sources */ = {isa = PBXBuildFile; fileRef = 0C3A345B26440FC300515ACB /* Landmark.swift */; };
		0C3A345E264411D500515ACB /* ModelData.swift in Sources */ = {isa = PBXBuildFile; fileRef = 0C3A345D264411D500515ACB /* ModelData.swift */; };
		0C3A34632644143A00515ACB /* LandmarkRow.swift in Sources */ = {isa = PBXBuildFile; fileRef = 0C3A34622644143A00515ACB /* LandmarkRow.swift */; };
		0C3A34652644162700515ACB /* LandmarkList.swift in Sources */ = {isa = PBXBuildFile; fileRef = 0C3A34642644162700515ACB /* LandmarkList.swift */; };
		0C3A3467264417FA00515ACB /* LandmarkDetail.swift in Sources */ = {isa = PBXBuildFile; fileRef = 0C3A3466264417FA00515ACB /* LandmarkDetail.swift */; };
		0C3A34692644330900515ACB /* FavoriteButton.swift in Sources */ = {isa = PBXBuildFile; fileRef = 0C3A34682644330800515ACB /* FavoriteButton.swift */; };
		0C3A346D264437AE00515ACB /* HexagonParameters.swift in Sources */ = {isa = PBXBuildFile; fileRef = 0C3A346C264437AE00515ACB /* HexagonParameters.swift */; };
		0C3A346F2644394300515ACB /* BadgeBackground.swift in Sources */ = {isa = PBXBuildFile; fileRef = 0C3A346E2644394300515ACB /* BadgeBackground.swift */; };
		0C3A347126443EC100515ACB /* BadgeSymbol.swift in Sources */ = {isa = PBXBuildFile; fileRef = 0C3A347026443EC100515ACB /* BadgeSymbol.swift */; };
		0C3A34732644404C00515ACB /* RotatedBadgeSymbol.swift in Sources */ = {isa = PBXBuildFile; fileRef = 0C3A34722644404C00515ACB /* RotatedBadgeSymbol.swift */; };
		0C3A34752644411200515ACB /* Badge.swift in Sources */ = {isa = PBXBuildFile; fileRef = 0C3A34742644411200515ACB /* Badge.swift */; };
		0C3A34782644458300515ACB /* hikeData.json in Resources */ = {isa = PBXBuildFile; fileRef = 0C3A34772644458300515ACB /* hikeData.json */; };
		0C3A347A264445A200515ACB /* Hike.swift in Sources */ = {isa = PBXBuildFile; fileRef = 0C3A3479264445A200515ACB /* Hike.swift */; };
		0C3A34802644471400515ACB /* GraphCapsule.swift in Sources */ = {isa = PBXBuildFile; fileRef = 0C3A347C2644471400515ACB /* GraphCapsule.swift */; };
		0C3A34812644471400515ACB /* HikeGraph.swift in Sources */ = {isa = PBXBuildFile; fileRef = 0C3A347D2644471400515ACB /* HikeGraph.swift */; };
		0C3A34822644471400515ACB /* HikeDetail.swift in Sources */ = {isa = PBXBuildFile; fileRef = 0C3A347E2644471400515ACB /* HikeDetail.swift */; };
		0C3A34832644471400515ACB /* HikeView.swift in Sources */ = {isa = PBXBuildFile; fileRef = 0C3A347F2644471400515ACB /* HikeView.swift */; };
/* End PBXBuildFile section */

/* Begin PBXFileReference section */
		0C3A3443264403E600515ACB /* Landmarks.app */ = {isa = PBXFileReference; explicitFileType = wrapper.application; includeInIndex = 0; path = Landmarks.app; sourceTree = BUILT_PRODUCTS_DIR; };
		0C3A3446264403E600515ACB /* LandmarksApp.swift */ = {isa = PBXFileReference; lastKnownFileType = sourcecode.swift; path = LandmarksApp.swift; sourceTree = "<group>"; };
		0C3A3448264403E600515ACB /* ContentView.swift */ = {isa = PBXFileReference; lastKnownFileType = sourcecode.swift; path = ContentView.swift; sourceTree = "<group>"; };
		0C3A344A264403E900515ACB /* Assets.xcassets */ = {isa = PBXFileReference; lastKnownFileType = folder.assetcatalog; path = Assets.xcassets; sourceTree = "<group>"; };
		0C3A344D264403E900515ACB /* Preview Assets.xcassets */ = {isa = PBXFileReference; lastKnownFileType = folder.assetcatalog; path = "Preview Assets.xcassets"; sourceTree = "<group>"; };
		0C3A344F264403E900515ACB /* Info.plist */ = {isa = PBXFileReference; lastKnownFileType = text.plist.xml; path = Info.plist; sourceTree = "<group>"; };
		0C3A34552644085600515ACB /* CircleImage.swift */ = {isa = PBXFileReference; lastKnownFileType = sourcecode.swift; path = CircleImage.swift; sourceTree = "<group>"; };
		0C3A3457264409B400515ACB /* MapView.swift */ = {isa = PBXFileReference; lastKnownFileType = sourcecode.swift; path = MapView.swift; sourceTree = "<group>"; };
		0C3A345926440F9A00515ACB /* landmarkData.json */ = {isa = PBXFileReference; fileEncoding = 4; lastKnownFileType = text.json; path = landmarkData.json; sourceTree = "<group>"; };
		0C3A345B26440FC300515ACB /* Landmark.swift */ = {isa = PBXFileReference; lastKnownFileType = sourcecode.swift; path = Landmark.swift; sourceTree = "<group>"; };
		0C3A345D264411D500515ACB /* ModelData.swift */ = {isa = PBXFileReference; lastKnownFileType = sourcecode.swift; path = ModelData.swift; sourceTree = "<group>"; };
		0C3A34622644143A00515ACB /* LandmarkRow.swift */ = {isa = PBXFileReference; lastKnownFileType = sourcecode.swift; path = LandmarkRow.swift; sourceTree = "<group>"; };
		0C3A34642644162700515ACB /* LandmarkList.swift */ = {isa = PBXFileReference; lastKnownFileType = sourcecode.swift; path = LandmarkList.swift; sourceTree = "<group>"; };
		0C3A3466264417FA00515ACB /* LandmarkDetail.swift */ = {isa = PBXFileReference; lastKnownFileType = sourcecode.swift; path = LandmarkDetail.swift; sourceTree = "<group>"; };
		0C3A34682644330800515ACB /* FavoriteButton.swift */ = {isa = PBXFileReference; lastKnownFileType = sourcecode.swift; path = FavoriteButton.swift; sourceTree = "<group>"; };
		0C3A346C264437AE00515ACB /* HexagonParameters.swift */ = {isa = PBXFileReference; lastKnownFileType = sourcecode.swift; path = HexagonParameters.swift; sourceTree = "<group>"; };
		0C3A346E2644394300515ACB /* BadgeBackground.swift */ = {isa = PBXFileReference; lastKnownFileType = sourcecode.swift; path = BadgeBackground.swift; sourceTree = "<group>"; };
		0C3A347026443EC100515ACB /* BadgeSymbol.swift */ = {isa = PBXFileReference; lastKnownFileType = sourcecode.swift; path = BadgeSymbol.swift; sourceTree = "<group>"; };
		0C3A34722644404C00515ACB /* RotatedBadgeSymbol.swift */ = {isa = PBXFileReference; lastKnownFileType = sourcecode.swift; path = RotatedBadgeSymbol.swift; sourceTree = "<group>"; };
		0C3A34742644411200515ACB /* Badge.swift */ = {isa = PBXFileReference; lastKnownFileType = sourcecode.swift; path = Badge.swift; sourceTree = "<group>"; };
		0C3A34772644458300515ACB /* hikeData.json */ = {isa = PBXFileReference; fileEncoding = 4; lastKnownFileType = text.json; path = hikeData.json; sourceTree = "<group>"; };
		0C3A3479264445A200515ACB /* Hike.swift */ = {isa = PBXFileReference; lastKnownFileType = sourcecode.swift; path = Hike.swift; sourceTree = "<group>"; };
		0C3A347C2644471400515ACB /* GraphCapsule.swift */ = {isa = PBXFileReference; fileEncoding = 4; lastKnownFileType = sourcecode.swift; path = GraphCapsule.swift; sourceTree = "<group>"; };
		0C3A347D2644471400515ACB /* HikeGraph.swift */ = {isa = PBXFileReference; fileEncoding = 4; lastKnownFileType = sourcecode.swift; path = HikeGraph.swift; sourceTree = "<group>"; };
		0C3A347E2644471400515ACB /* HikeDetail.swift */ = {isa = PBXFileReference; fileEncoding = 4; lastKnownFileType = sourcecode.swift; path = HikeDetail.swift; sourceTree = "<group>"; };
		0C3A347F2644471400515ACB /* HikeView.swift */ = {isa = PBXFileReference; fileEncoding = 4; lastKnownFileType = sourcecode.swift; path = HikeView.swift; sourceTree = "<group>"; };
/* End PBXFileReference section */

/* Begin PBXFrameworksBuildPhase section */
		0C3A3440264403E600515ACB /* Frameworks */ = {
			isa = PBXFrameworksBuildPhase;
			buildActionMask = 2147483647;
			files = (
			);
			runOnlyForDeploymentPostprocessing = 0;
		};
/* End PBXFrameworksBuildPhase section */

/* Begin PBXGroup section */
		0C3A343A264403E600515ACB = {
			isa = PBXGroup;
			children = (
				0C3A3445264403E600515ACB /* Landmarks */,
				0C3A3444264403E600515ACB /* Products */,
			);
			sourceTree = "<group>";
		};
		0C3A3444264403E600515ACB /* Products */ = {
			isa = PBXGroup;
			children = (
				0C3A3443264403E600515ACB /* Landmarks.app */,
			);
			name = Products;
			sourceTree = "<group>";
		};
		0C3A3445264403E600515ACB /* Landmarks */ = {
			isa = PBXGroup;
			children = (
				0C3A3446264403E600515ACB /* LandmarksApp.swift */,
				0C3A345F2644138100515ACB /* Views */,
				0C3A34602644139B00515ACB /* Model */,
				0C3A3461264413B300515ACB /* Resources */,
				0C3A344A264403E900515ACB /* Assets.xcassets */,
				0C3A344F264403E900515ACB /* Info.plist */,
				0C3A344C264403E900515ACB /* Preview Content */,
			);
			path = Landmarks;
			sourceTree = "<group>";
		};
		0C3A344C264403E900515ACB /* Preview Content */ = {
			isa = PBXGroup;
			children = (
				0C3A344D264403E900515ACB /* Preview Assets.xcassets */,
			);
			path = "Preview Content";
			sourceTree = "<group>";
		};
		0C3A345F2644138100515ACB /* Views */ = {
			isa = PBXGroup;
			children = (
				0C3A3448264403E600515ACB /* ContentView.swift */,
				0C3A347B2644471400515ACB /* Hikes */,
				0C3A346B2644340800515ACB /* Landmarks */,
				0C3A34762644437000515ACB /* Badge */,
				0C3A346A264433F300515ACB /* Helpers */,
			);
			path = Views;
			sourceTree = "<group>";
		};
		0C3A34602644139B00515ACB /* Model */ = {
			isa = PBXGroup;
			children = (
				0C3A345B26440FC300515ACB /* Landmark.swift */,
				0C3A345D264411D500515ACB /* ModelData.swift */,
				0C3A3479264445A200515ACB /* Hike.swift */,
			);
			path = Model;
			sourceTree = "<group>";
		};
		0C3A3461264413B300515ACB /* Resources */ = {
			isa = PBXGroup;
			children = (
				0C3A345926440F9A00515ACB /* landmarkData.json */,
				0C3A34772644458300515ACB /* hikeData.json */,
			);
			path = Resources;
			sourceTree = "<group>";
		};
		0C3A346A264433F300515ACB /* Helpers */ = {
			isa = PBXGroup;
			children = (
				0C3A34552644085600515ACB /* CircleImage.swift */,
				0C3A3457264409B400515ACB /* MapView.swift */,
				0C3A34682644330800515ACB /* FavoriteButton.swift */,
			);
			path = Helpers;
			sourceTree = "<group>";
		};
		0C3A346B2644340800515ACB /* Landmarks */ = {
			isa = PBXGroup;
			children = (
				0C3A34622644143A00515ACB /* LandmarkRow.swift */,
				0C3A34642644162700515ACB /* LandmarkList.swift */,
				0C3A3466264417FA00515ACB /* LandmarkDetail.swift */,
			);
			path = Landmarks;
			sourceTree = "<group>";
		};
		0C3A34762644437000515ACB /* Badge */ = {
			isa = PBXGroup;
			children = (
				0C3A347026443EC100515ACB /* BadgeSymbol.swift */,
				0C3A34722644404C00515ACB /* RotatedBadgeSymbol.swift */,
				0C3A34742644411200515ACB /* Badge.swift */,
				0C3A346C264437AE00515ACB /* HexagonParameters.swift */,
				0C3A346E2644394300515ACB /* BadgeBackground.swift */,
			);
			path = Badge;
			sourceTree = "<group>";
		};
		0C3A347B2644471400515ACB /* Hikes */ = {
			isa = PBXGroup;
			children = (
				0C3A347C2644471400515ACB /* GraphCapsule.swift */,
				0C3A347D2644471400515ACB /* HikeGraph.swift */,
				0C3A347E2644471400515ACB /* HikeDetail.swift */,
				0C3A347F2644471400515ACB /* HikeView.swift */,
			);
			path = Hikes;
			sourceTree = "<group>";
		};
/* End PBXGroup section */

/* Begin PBXNativeTarget section */
		0C3A3442264403E600515ACB /* Landmarks */ = {
			isa = PBXNativeTarget;
			buildConfigurationList = 0C3A3452264403E900515ACB /* Build configuration list for PBXNativeTarget "Landmarks" */;
			buildPhases = (
				0C3A343F264403E600515ACB /* Sources */,
				0C3A3440264403E600515ACB /* Frameworks */,
				0C3A3441264403E600515ACB /* Resources */,
			);
			buildRules = (
			);
			dependencies = (
			);
			name = Landmarks;
			productName = Landmarks;
			productReference = 0C3A3443264403E600515ACB /* Landmarks.app */;
			productType = "com.apple.product-type.application";
		};
/* End PBXNativeTarget section */

/* Begin PBXProject section */
		0C3A343B264403E600515ACB /* Project object */ = {
			isa = PBXProject;
			attributes = {
				LastSwiftUpdateCheck = 1250;
				LastUpgradeCheck = 1250;
				TargetAttributes = {
					0C3A3442264403E600515ACB = {
						CreatedOnToolsVersion = 12.5;
					};
				};
			};
			buildConfigurationList = 0C3A343E264403E600515ACB /* Build configuration list for PBXProject "Landmarks" */;
			compatibilityVersion = "Xcode 9.3";
			developmentRegion = en;
			hasScannedForEncodings = 0;
			knownRegions = (
				en,
				Base,
			);
			mainGroup = 0C3A343A264403E600515ACB;
			productRefGroup = 0C3A3444264403E600515ACB /* Products */;
			projectDirPath = "";
			projectRoot = "";
			targets = (
				0C3A3442264403E600515ACB /* Landmarks */,
			);
		};
/* End PBXProject section */

/* Begin PBXResourcesBuildPhase section */
		0C3A3441264403E600515ACB /* Resources */ = {
			isa = PBXResourcesBuildPhase;
			buildActionMask = 2147483647;
			files = (
				0C3A34782644458300515ACB /* hikeData.json in Resources */,
				0C3A344E264403E900515ACB /* Preview Assets.xcassets in Resources */,
				0C3A344B264403E900515ACB /* Assets.xcassets in Resources */,
				0C3A345A26440F9A00515ACB /* landmarkData.json in Resources */,
			);
			runOnlyForDeploymentPostprocessing = 0;
		};
/* End PBXResourcesBuildPhase section */

/* Begin PBXSourcesBuildPhase section */
		0C3A343F264403E600515ACB /* Sources */ = {
			isa = PBXSourcesBuildPhase;
			buildActionMask = 2147483647;
			files = (
				0C3A3449264403E600515ACB /* ContentView.swift in Sources */,
				0C3A34812644471400515ACB /* HikeGraph.swift in Sources */,
				0C3A34752644411200515ACB /* Badge.swift in Sources */,
				0C3A3458264409B400515ACB /* MapView.swift in Sources */,
				0C3A34802644471400515ACB /* GraphCapsule.swift in Sources */,
				0C3A3447264403E600515ACB /* LandmarksApp.swift in Sources */,
				0C3A34692644330900515ACB /* FavoriteButton.swift in Sources */,
				0C3A34822644471400515ACB /* HikeDetail.swift in Sources */,
				0C3A346D264437AE00515ACB /* HexagonParameters.swift in Sources */,
				0C3A347A264445A200515ACB /* Hike.swift in Sources */,
				0C3A34732644404C00515ACB /* RotatedBadgeSymbol.swift in Sources */,
				0C3A347126443EC100515ACB /* BadgeSymbol.swift in Sources */,
				0C3A34652644162700515ACB /* LandmarkList.swift in Sources */,
				0C3A34832644471400515ACB /* HikeView.swift in Sources */,
				0C3A3467264417FA00515ACB /* LandmarkDetail.swift in Sources */,
				0C3A346F2644394300515ACB /* BadgeBackground.swift in Sources */,
				0C3A34562644085600515ACB /* CircleImage.swift in Sources */,
				0C3A345C26440FC300515ACB /* Landmark.swift in Sources */,
				0C3A34632644143A00515ACB /* LandmarkRow.swift in Sources */,
				0C3A345E264411D500515ACB /* ModelData.swift in Sources */,
			);
			runOnlyForDeploymentPostprocessing = 0;
		};
/* End PBXSourcesBuildPhase section */

/* Begin XCBuildConfiguration section */
		0C3A3450264403E900515ACB /* Debug */ = {
			isa = XCBuildConfiguration;
			buildSettings = {
				ALWAYS_SEARCH_USER_PATHS = NO;
				CLANG_ANALYZER_NONNULL = YES;
				CLANG_ANALYZER_NUMBER_OBJECT_CONVERSION = YES_AGGRESSIVE;
				CLANG_CXX_LANGUAGE_STANDARD = "gnu++14";
				CLANG_CXX_LIBRARY = "libc++";
				CLANG_ENABLE_MODULES = YES;
				CLANG_ENABLE_OBJC_ARC = YES;
				CLANG_ENABLE_OBJC_WEAK = YES;
				CLANG_WARN_BLOCK_CAPTURE_AUTORELEASING = YES;
				CLANG_WARN_BOOL_CONVERSION = YES;
				CLANG_WARN_COMMA = YES;
				CLANG_WARN_CONSTANT_CONVERSION = YES;
				CLANG_WARN_DEPRECATED_OBJC_IMPLEMENTATIONS = YES;
				CLANG_WARN_DIRECT_OBJC_ISA_USAGE = YES_ERROR;
				CLANG_WARN_DOCUMENTATION_COMMENTS = YES;
				CLANG_WARN_EMPTY_BODY = YES;
				CLANG_WARN_ENUM_CONVERSION = YES;
				CLANG_WARN_INFINITE_RECURSION = YES;
				CLANG_WARN_INT_CONVERSION = YES;
				CLANG_WARN_NON_LITERAL_NULL_CONVERSION = YES;
				CLANG_WARN_OBJC_IMPLICIT_RETAIN_SELF = YES;
				CLANG_WARN_OBJC_LITERAL_CONVERSION = YES;
				CLANG_WARN_OBJC_ROOT_CLASS = YES_ERROR;
				CLANG_WARN_QUOTED_INCLUDE_IN_FRAMEWORK_HEADER = YES;
				CLANG_WARN_RANGE_LOOP_ANALYSIS = YES;
				CLANG_WARN_STRICT_PROTOTYPES = YES;
				CLANG_WARN_SUSPICIOUS_MOVE = YES;
				CLANG_WARN_UNGUARDED_AVAILABILITY = YES_AGGRESSIVE;
				CLANG_WARN_UNREACHABLE_CODE = YES;
				CLANG_WARN__DUPLICATE_METHOD_MATCH = YES;
				COPY_PHASE_STRIP = NO;
				DEBUG_INFORMATION_FORMAT = dwarf;
				ENABLE_STRICT_OBJC_MSGSEND = YES;
				ENABLE_TESTABILITY = YES;
				GCC_C_LANGUAGE_STANDARD = gnu11;
				GCC_DYNAMIC_NO_PIC = NO;
				GCC_NO_COMMON_BLOCKS = YES;
				GCC_OPTIMIZATION_LEVEL = 0;
				GCC_PREPROCESSOR_DEFINITIONS = (
					"DEBUG=1",
					"$(inherited)",
				);
				GCC_WARN_64_TO_32_BIT_CONVERSION = YES;
				GCC_WARN_ABOUT_RETURN_TYPE = YES_ERROR;
				GCC_WARN_UNDECLARED_SELECTOR = YES;
				GCC_WARN_UNINITIALIZED_AUTOS = YES_AGGRESSIVE;
				GCC_WARN_UNUSED_FUNCTION = YES;
				GCC_WARN_UNUSED_VARIABLE = YES;
				IPHONEOS_DEPLOYMENT_TARGET = 14.5;
				MTL_ENABLE_DEBUG_INFO = INCLUDE_SOURCE;
				MTL_FAST_MATH = YES;
				ONLY_ACTIVE_ARCH = YES;
				SDKROOT = iphoneos;
				SWIFT_ACTIVE_COMPILATION_CONDITIONS = DEBUG;
				SWIFT_OPTIMIZATION_LEVEL = "-Onone";
			};
			name = Debug;
		};
		0C3A3451264403E900515ACB /* Release */ = {
			isa = XCBuildConfiguration;
			buildSettings = {
				ALWAYS_SEARCH_USER_PATHS = NO;
				CLANG_ANALYZER_NONNULL = YES;
				CLANG_ANALYZER_NUMBER_OBJECT_CONVERSION = YES_AGGRESSIVE;
				CLANG_CXX_LANGUAGE_STANDARD = "gnu++14";
				CLANG_CXX_LIBRARY = "libc++";
				CLANG_ENABLE_MODULES = YES;
				CLANG_ENABLE_OBJC_ARC = YES;
				CLANG_ENABLE_OBJC_WEAK = YES;
				CLANG_WARN_BLOCK_CAPTURE_AUTORELEASING = YES;
				CLANG_WARN_BOOL_CONVERSION = YES;
				CLANG_WARN_COMMA = YES;
				CLANG_WARN_CONSTANT_CONVERSION = YES;
				CLANG_WARN_DEPRECATED_OBJC_IMPLEMENTATIONS = YES;
				CLANG_WARN_DIRECT_OBJC_ISA_USAGE = YES_ERROR;
				CLANG_WARN_DOCUMENTATION_COMMENTS = YES;
				CLANG_WARN_EMPTY_BODY = YES;
				CLANG_WARN_ENUM_CONVERSION = YES;
				CLANG_WARN_INFINITE_RECURSION = YES;
				CLANG_WARN_INT_CONVERSION = YES;
				CLANG_WARN_NON_LITERAL_NULL_CONVERSION = YES;
				CLANG_WARN_OBJC_IMPLICIT_RETAIN_SELF = YES;
				CLANG_WARN_OBJC_LITERAL_CONVERSION = YES;
				CLANG_WARN_OBJC_ROOT_CLASS = YES_ERROR;
				CLANG_WARN_QUOTED_INCLUDE_IN_FRAMEWORK_HEADER = YES;
				CLANG_WARN_RANGE_LOOP_ANALYSIS = YES;
				CLANG_WARN_STRICT_PROTOTYPES = YES;
				CLANG_WARN_SUSPICIOUS_MOVE = YES;
				CLANG_WARN_UNGUARDED_AVAILABILITY = YES_AGGRESSIVE;
				CLANG_WARN_UNREACHABLE_CODE = YES;
				CLANG_WARN__DUPLICATE_METHOD_MATCH = YES;
				COPY_PHASE_STRIP = NO;
				DEBUG_INFORMATION_FORMAT = "dwarf-with-dsym";
				ENABLE_NS_ASSERTIONS = NO;
				ENABLE_STRICT_OBJC_MSGSEND = YES;
				GCC_C_LANGUAGE_STANDARD = gnu11;
				GCC_NO_COMMON_BLOCKS = YES;
				GCC_WARN_64_TO_32_BIT_CONVERSION = YES;
				GCC_WARN_ABOUT_RETURN_TYPE = YES_ERROR;
				GCC_WARN_UNDECLARED_SELECTOR = YES;
				GCC_WARN_UNINITIALIZED_AUTOS = YES_AGGRESSIVE;
				GCC_WARN_UNUSED_FUNCTION = YES;
				GCC_WARN_UNUSED_VARIABLE = YES;
				IPHONEOS_DEPLOYMENT_TARGET = 14.5;
				MTL_ENABLE_DEBUG_INFO = NO;
				MTL_FAST_MATH = YES;
				SDKROOT = iphoneos;
				SWIFT_COMPILATION_MODE = wholemodule;
				SWIFT_OPTIMIZATION_LEVEL = "-O";
				VALIDATE_PRODUCT = YES;
			};
			name = Release;
		};
		0C3A3453264403E900515ACB /* Debug */ = {
			isa = XCBuildConfiguration;
			buildSettings = {
				ASSETCATALOG_COMPILER_APPICON_NAME = AppIcon;
				ASSETCATALOG_COMPILER_GLOBAL_ACCENT_COLOR_NAME = AccentColor;
				CODE_SIGN_STYLE = Automatic;
				DEVELOPMENT_ASSET_PATHS = "\"Landmarks/Preview Content\"";
				DEVELOPMENT_TEAM = 48QRRHRL2V;
				ENABLE_PREVIEWS = YES;
				INFOPLIST_FILE = Landmarks/Info.plist;
				IPHONEOS_DEPLOYMENT_TARGET = 14.0;
				LD_RUNPATH_SEARCH_PATHS = (
					"$(inherited)",
					"@executable_path/Frameworks",
				);
				PRODUCT_BUNDLE_IDENTIFIER = com.pkManifest.Landmarks;
				PRODUCT_NAME = "$(TARGET_NAME)";
				SWIFT_VERSION = 5.0;
				TARGETED_DEVICE_FAMILY = "1,2";
			};
			name = Debug;
		};
		0C3A3454264403E900515ACB /* Release */ = {
			isa = XCBuildConfiguration;
			buildSettings = {
				ASSETCATALOG_COMPILER_APPICON_NAME = AppIcon;
				ASSETCATALOG_COMPILER_GLOBAL_ACCENT_COLOR_NAME = AccentColor;
				CODE_SIGN_STYLE = Automatic;
				DEVELOPMENT_ASSET_PATHS = "\"Landmarks/Preview Content\"";
				DEVELOPMENT_TEAM = 48QRRHRL2V;
				ENABLE_PREVIEWS = YES;
				INFOPLIST_FILE = Landmarks/Info.plist;
				IPHONEOS_DEPLOYMENT_TARGET = 14.0;
				LD_RUNPATH_SEARCH_PATHS = (
					"$(inherited)",
					"@executable_path/Frameworks",
				);
				PRODUCT_BUNDLE_IDENTIFIER = com.pkManifest.Landmarks;
				PRODUCT_NAME = "$(TARGET_NAME)";
				SWIFT_VERSION = 5.0;
				TARGETED_DEVICE_FAMILY = "1,2";
			};
			name = Release;
		};
/* End XCBuildConfiguration section */

/* Begin XCConfigurationList section */
		0C3A343E264403E600515ACB /* Build configuration list for PBXProject "Landmarks" */ = {
			isa = XCConfigurationList;
			buildConfigurations = (
				0C3A3450264403E900515ACB /* Debug */,
				0C3A3451264403E900515ACB /* Release */,
			);
			defaultConfigurationIsVisible = 0;
			defaultConfigurationName = Release;
		};
		0C3A3452264403E900515ACB /* Build configuration list for PBXNativeTarget "Landmarks" */ = {
			isa = XCConfigurationList;
			buildConfigurations = (
				0C3A3453264403E900515ACB /* Debug */,
				0C3A3454264403E900515ACB /* Release */,
			);
			defaultConfigurationIsVisible = 0;
			defaultConfigurationName = Release;
		};
/* End XCConfigurationList section */
	};
	rootObject = 0C3A343B264403E600515ACB /* Project object */;
}
